<?xml version="1.0" encoding="utf-8"?>
<Project ToolsVersion="4.0" xmlns="http://schemas.microsoft.com/developer/msbuild/2003">
  <ItemGroup>
    <Filter Include="Source Files">
      <UniqueIdentifier>{4FC737F1-C7A5-4376-A066-2A32D752A2FF}</UniqueIdentifier>
      <Extensions>cpp;c;cc;cxx;c++;def;odl;idl;hpj;bat;asm;asmx</Extensions>
    </Filter>
    <Filter Include="Header Files">
      <UniqueIdentifier>{93995380-89BD-4b04-88EB-625FBE52EBFB}</UniqueIdentifier>
      <Extensions>h;hh;hpp;hxx;h++;hm;inl;inc;ipp;xsd</Extensions>
    </Filter>
    <Filter Include="Resource Files">
      <UniqueIdentifier>{67DA6AB6-F800-4c08-8B7A-83BB121AAD01}</UniqueIdentifier>
      <Extensions>rc;ico;cur;bmp;dlg;rc2;rct;bin;rgs;gif;jpg;jpeg;jpe;resx;tiff;tif;png;wav;mfcribbon-ms</Extensions>
    </Filter>
    <Filter Include="Header Files\Processors">
      <UniqueIdentifier>{4f694ece-cb4b-4c78-bb6b-6da8204a6fde}</UniqueIdentifier>
    </Filter>
  </ItemGroup>
  <ItemGroup>
    <ClInclude Include="escapi.h">
      <Filter>Header Files</Filter>
    </ClInclude>
    <ClInclude Include="olcPixelGameEngine.h">
      <Filter>Header Files</Filter>
    </ClInclude>
    <ClInclude Include="Frame.h">
      <Filter>Header Files</Filter>
    </ClInclude>
    <ClInclude Include="Adaptive.h">
      <Filter>Header Files\Processors</Filter>
    </ClInclude>
    <ClInclude Include="Convolution.h">
      <Filter>Header Files\Processors</Filter>
    </ClInclude>
    <ClInclude Include="Lowpass.h">
      <Filter>Header Files\Processors</Filter>
    </ClInclude>
    <ClInclude Include="Median.h">
      <Filter>Header Files\Processors</Filter>
    </ClInclude>
    <ClInclude Include="Morpho.h">
      <Filter>Header Files\Processors</Filter>
    </ClInclude>
    <ClInclude Include="Motion.h">
      <Filter>Header Files\Processors</Filter>
    </ClInclude>
    <ClInclude Include="Sobel.h">
      <Filter>Header Files\Processors</Filter>
    </ClInclude>
    <ClInclude Include="Threshold.h">
      <Filter>Header Files\Processors</Filter>
    </ClInclude>
    <ClInclude Include="Invert.h">
      <Filter>Header Files\Processors</Filter>
    </ClInclude>
    <ClInclude Include="Processor.h">
      <Filter>Header Files</Filter>
    </ClInclude>
    <ClInclude Include="Processor.h">
      <Filter>Header Files</Filter>
    </ClInclude>
    <ClInclude Include="Normalize.h">
      <Filter>Header Files\Processors</Filter>
    </ClInclude>
    <ClInclude Include="Cutout.h">
      <Filter>Header Files\Processors</Filter>
    </ClInclude>
  </ItemGroup>
  <ItemGroup>
    <ClCompile Include="escapi.cpp">
      <Filter>Source Files</Filter>
    </ClCompile>
    <ClCompile Include="WebCam_ImageProcessing.cpp">
      <Filter>Source Files</Filter>
    </ClCompile>
  </ItemGroup>
  <ItemGroup>
    <None Include="escapi.dll">
      <Filter>Resource Files</Filter>
    </None>
  </ItemGroup>
</Project>